{
    "_meta": {
        "hash": {
            "sha256": "04e88194e75c0f42906793f6c5075575876ce6f747b53d6b59b1afb10e9add87"
        },
        "pipfile-spec": 6,
        "requires": {
            "python_version": "3.8"
        },
        "sources": [
            {
                "name": "pypi",
                "url": "https://pypi.org/simple",
                "verify_ssl": true
            }
        ]
    },
    "default": {
        "certifi": {
            "hashes": [
                "sha256:1a4995114262bffbc2413b159f2a1a480c969de6e6eb13ee966d470af86af59c",
                "sha256:719a74fb9e33b9bd44cc7f3a8d94bc35e4049deebe19ba7d8e108280cfd59830"
            ],
            "version": "==2020.12.5"
        },
        "chardet": {
            "hashes": [
                "sha256:0d6f53a15db4120f2b08c94f11e7d93d2c911ee118b6b30a04ec3ee8310179fa",
                "sha256:f864054d66fd9118f2e67044ac8981a54775ec5b67aed0441892edb553d21da5"
            ],
            "markers": "python_version >= '2.7' and python_version not in '3.0, 3.1, 3.2, 3.3, 3.4'",
            "version": "==4.0.0"
        },
        "click": {
            "hashes": [
                "sha256:7d8c289ee437bcb0316820ccee14aefcb056e58d31830ecab8e47eda6540e136",
                "sha256:e90e62ced43dc8105fb9a26d62f0d9340b5c8db053a814e25d95c19873ae87db"
            ],
            "markers": "python_full_version >= '3.6.0'",
            "version": "==8.0.0"
        },
        "filelock": {
            "hashes": [
                "sha256:18d82244ee114f543149c66a6e0c14e9c4f8a1044b5cdaadd0f82159d6a6ff59",
                "sha256:929b7d63ec5b7d6b71b0fa5ac14e030b3f70b75747cef1b10da9b879fef15836"
            ],
            "version": "==3.0.12"
        },
        "huggingface-hub": {
            "hashes": [
                "sha256:be5b9a7ed36437bb10a780d500154d426798ec16803ff3406f7a61107e4ebfc2",
                "sha256:feec10c3cff31bab75fa90ed801a1979301d4ebcbdf681312cb0371f77f53dff"
            ],
            "markers": "python_full_version >= '3.6.0'",
            "version": "==0.0.8"
        },
        "idna": {
            "hashes": [
                "sha256:b307872f855b18632ce0c21c5e45be78c0ea7ae4c15c828c20788b26921eb3f6",
                "sha256:b97d804b1e9b523befed77c48dacec60e6dcb0b5391d57af6a65a312a90648c0"
            ],
            "markers": "python_version >= '2.7' and python_version not in '3.0, 3.1, 3.2, 3.3'",
            "version": "==2.10"
        },
        "joblib": {
            "hashes": [
                "sha256:9c17567692206d2f3fb9ecf5e991084254fe631665c450b443761c4186a613f7",
                "sha256:feeb1ec69c4d45129954f1b7034954241eedfd6ba39b5e9e4b6883be3332d5e5"
            ],
            "markers": "python_full_version >= '3.6.0'",
            "version": "==1.0.1"
        },
        "numpy": {
            "hashes": [
                "sha256:1676b0a292dd3c99e49305a16d7a9f42a4ab60ec522eac0d3dd20cdf362ac010",
                "sha256:16f221035e8bd19b9dc9a57159e38d2dd060b48e93e1d843c49cb370b0f415fd",
                "sha256:43909c8bb289c382170e0282158a38cf306a8ad2ff6dfadc447e90f9961bef43",
                "sha256:4e465afc3b96dbc80cf4a5273e5e2b1e3451286361b4af70ce1adb2984d392f9",
                "sha256:55b745fca0a5ab738647d0e4db099bd0a23279c32b31a783ad2ccea729e632df",
                "sha256:5d050e1e4bc9ddb8656d7b4f414557720ddcca23a5b88dd7cff65e847864c400",
                "sha256:637d827248f447e63585ca3f4a7d2dfaa882e094df6cfa177cc9cf9cd6cdf6d2",
                "sha256:6690080810f77485667bfbff4f69d717c3be25e5b11bb2073e76bb3f578d99b4",
                "sha256:66fbc6fed94a13b9801fb70b96ff30605ab0a123e775a5e7a26938b717c5d71a",
                "sha256:67d44acb72c31a97a3d5d33d103ab06d8ac20770e1c5ad81bdb3f0c086a56cf6",
                "sha256:6ca2b85a5997dabc38301a22ee43c82adcb53ff660b89ee88dded6b33687e1d8",
                "sha256:6e51534e78d14b4a009a062641f465cfaba4fdcb046c3ac0b1f61dd97c861b1b",
                "sha256:70eb5808127284c4e5c9e836208e09d685a7978b6a216db85960b1a112eeace8",
                "sha256:830b044f4e64a76ba71448fce6e604c0fc47a0e54d8f6467be23749ac2cbd2fb",
                "sha256:8b7bb4b9280da3b2856cb1fc425932f46fba609819ee1c62256f61799e6a51d2",
                "sha256:a9c65473ebc342715cb2d7926ff1e202c26376c0dcaaee85a1fd4b8d8c1d3b2f",
                "sha256:c1c09247ccea742525bdb5f4b5ceeacb34f95731647fe55774aa36557dbb5fa4",
                "sha256:c5bf0e132acf7557fc9bb8ded8b53bbbbea8892f3c9a1738205878ca9434206a",
                "sha256:db250fd3e90117e0312b611574cd1b3f78bec046783195075cbd7ba9c3d73f16",
                "sha256:e515c9a93aebe27166ec9593411c58494fa98e5fcc219e47260d9ab8a1cc7f9f",
                "sha256:e55185e51b18d788e49fe8305fd73ef4470596b33fc2c1ceb304566b99c71a69",
                "sha256:ea9cff01e75a956dbee133fa8e5b68f2f92175233de2f88de3a682dd94deda65",
                "sha256:f1452578d0516283c87608a5a5548b0cdde15b99650efdfd85182102ef7a7c17",
                "sha256:f39a995e47cb8649673cfa0579fbdd1cdd33ea497d1728a6cb194d6252268e48"
            ],
            "index": "pypi",
            "version": "==1.20.3"
        },
        "packaging": {
            "hashes": [
                "sha256:5b327ac1320dc863dca72f4514ecc086f31186744b84a230374cc1fd776feae5",
                "sha256:67714da7f7bc052e064859c05c595155bd1ee9f69f76557e21f051443c20947a"
            ],
            "markers": "python_version >= '2.7' and python_version not in '3.0, 3.1, 3.2, 3.3'",
            "version": "==20.9"
        },
        "pyparsing": {
            "hashes": [
                "sha256:c203ec8783bf771a155b207279b9bccb8dea02d8f0c9e5f8ead507bc3246ecc1",
                "sha256:ef9d7589ef3c200abe66653d3f1ab1033c3c419ae9b9bdb1240a85b024efc88b"
            ],
            "markers": "python_version >= '2.6' and python_version not in '3.0, 3.1, 3.2'",
            "version": "==2.4.7"
        },
        "regex": {
            "hashes": [
                "sha256:01afaf2ec48e196ba91b37451aa353cb7eda77efe518e481707e0515025f0cd5",
                "sha256:11d773d75fa650cd36f68d7ca936e3c7afaae41b863b8c387a22aaa78d3c5c79",
                "sha256:18c071c3eb09c30a264879f0d310d37fe5d3a3111662438889ae2eb6fc570c31",
                "sha256:1e1c20e29358165242928c2de1482fb2cf4ea54a6a6dea2bd7a0e0d8ee321500",
                "sha256:281d2fd05555079448537fe108d79eb031b403dac622621c78944c235f3fcf11",
                "sha256:314d66636c494ed9c148a42731b3834496cc9a2c4251b1661e40936814542b14",
                "sha256:32e65442138b7b76dd8173ffa2cf67356b7bc1768851dded39a7a13bf9223da3",
                "sha256:339456e7d8c06dd36a22e451d58ef72cef293112b559010db3d054d5560ef439",
                "sha256:3916d08be28a1149fb97f7728fca1f7c15d309a9f9682d89d79db75d5e52091c",
                "sha256:3a9cd17e6e5c7eb328517969e0cb0c3d31fd329298dd0c04af99ebf42e904f82",
                "sha256:47bf5bf60cf04d72bf6055ae5927a0bd9016096bf3d742fa50d9bf9f45aa0711",
                "sha256:4c46e22a0933dd783467cf32b3516299fb98cfebd895817d685130cc50cd1093",
                "sha256:4c557a7b470908b1712fe27fb1ef20772b78079808c87d20a90d051660b1d69a",
                "sha256:52ba3d3f9b942c49d7e4bc105bb28551c44065f139a65062ab7912bef10c9afb",
                "sha256:563085e55b0d4fb8f746f6a335893bda5c2cef43b2f0258fe1020ab1dd874df8",
                "sha256:598585c9f0af8374c28edd609eb291b5726d7cbce16be6a8b95aa074d252ee17",
                "sha256:619d71c59a78b84d7f18891fe914446d07edd48dc8328c8e149cbe0929b4e000",
                "sha256:67bdb9702427ceddc6ef3dc382455e90f785af4c13d495f9626861763ee13f9d",
                "sha256:6d1b01031dedf2503631d0903cb563743f397ccaf6607a5e3b19a3d76fc10480",
                "sha256:741a9647fcf2e45f3a1cf0e24f5e17febf3efe8d4ba1281dcc3aa0459ef424dc",
                "sha256:7c2a1af393fcc09e898beba5dd59196edaa3116191cc7257f9224beaed3e1aa0",
                "sha256:7d9884d86dd4dd489e981d94a65cd30d6f07203d90e98f6f657f05170f6324c9",
                "sha256:90f11ff637fe8798933fb29f5ae1148c978cccb0452005bf4c69e13db951e765",
                "sha256:919859aa909429fb5aa9cf8807f6045592c85ef56fdd30a9a3747e513db2536e",
                "sha256:96fcd1888ab4d03adfc9303a7b3c0bd78c5412b2bfbe76db5b56d9eae004907a",
                "sha256:97f29f57d5b84e73fbaf99ab3e26134e6687348e95ef6b48cfd2c06807005a07",
                "sha256:980d7be47c84979d9136328d882f67ec5e50008681d94ecc8afa8a65ed1f4a6f",
                "sha256:a91aa8619b23b79bcbeb37abe286f2f408d2f2d6f29a17237afda55bb54e7aac",
                "sha256:ade17eb5d643b7fead300a1641e9f45401c98eee23763e9ed66a43f92f20b4a7",
                "sha256:b9c3db21af35e3b3c05764461b262d6f05bbca08a71a7849fd79d47ba7bc33ed",
                "sha256:bd28bc2e3a772acbb07787c6308e00d9626ff89e3bfcdebe87fa5afbfdedf968",
                "sha256:bf5824bfac591ddb2c1f0a5f4ab72da28994548c708d2191e3b87dd207eb3ad7",
                "sha256:c0502c0fadef0d23b128605d69b58edb2c681c25d44574fc673b0e52dce71ee2",
                "sha256:c38c71df845e2aabb7fb0b920d11a1b5ac8526005e533a8920aea97efb8ec6a4",
                "sha256:ce15b6d103daff8e9fee13cf7f0add05245a05d866e73926c358e871221eae87",
                "sha256:d3029c340cfbb3ac0a71798100ccc13b97dddf373a4ae56b6a72cf70dfd53bc8",
                "sha256:e512d8ef5ad7b898cdb2d8ee1cb09a8339e4f8be706d27eaa180c2f177248a10",
                "sha256:e8e5b509d5c2ff12f8418006d5a90e9436766133b564db0abaec92fd27fcee29",
                "sha256:ee54ff27bf0afaf4c3b3a62bcd016c12c3fdb4ec4f413391a90bd38bc3624605",
                "sha256:fa4537fb4a98fe8fde99626e4681cc644bdcf2a795038533f9f711513a862ae6",
                "sha256:fd45ff9293d9274c5008a2054ecef86a9bfe819a67c7be1afb65e69b405b3042"
            ],
            "version": "==2021.4.4"
        },
        "requests": {
            "hashes": [
                "sha256:27973dd4a904a4f13b263a19c866c13b92a39ed1c964655f025f3f8d3d75b804",
                "sha256:c210084e36a42ae6b9219e00e48287def368a26d03a048ddad7bfee44f75871e"
            ],
            "markers": "python_version >= '2.7' and python_version not in '3.0, 3.1, 3.2, 3.3, 3.4'",
            "version": "==2.25.1"
        },
        "sacremoses": {
            "hashes": [
                "sha256:58176cc28391830789b763641d0f458819bebe88681dac72b41a19c0aedc07e9",
                "sha256:fa93db44bc04542553ba6090818b892f603d02aa0d681e6c5c3023baf17e8564"
            ],
            "version": "==0.0.45"
        },
        "scipy": {
            "hashes": [
                "sha256:01b38dec7e9f897d4db04f8de4e20f0f5be3feac98468188a0f47a991b796055",
                "sha256:10dbcc7de03b8d635a1031cb18fd3eaa997969b64fdf78f99f19ac163a825445",
                "sha256:19aeac1ad3e57338723f4657ac8520f41714804568f2e30bd547d684d72c392e",
                "sha256:1b21c6e0dc97b1762590b70dee0daddb291271be0580384d39f02c480b78290a",
                "sha256:1caade0ede6967cc675e235c41451f9fb89ae34319ddf4740194094ab736b88d",
                "sha256:23995dfcf269ec3735e5a8c80cfceaf384369a47699df111a6246b83a55da582",
                "sha256:2a799714bf1f791fb2650d73222b248d18d53fd40d6af2df2c898db048189606",
                "sha256:3274ce145b5dc416c49c0cf8b6119f787f0965cd35e22058fe1932c09fe15d77",
                "sha256:33d1677d46111cfa1c84b87472a0274dde9ef4a7ef2e1f155f012f5f1e995d8f",
                "sha256:44d452850f77e65e25b1eb1ac01e25770323a782bfe3a1a3e43847ad4266d93d",
                "sha256:9e3302149a369697c6aaea18b430b216e3c88f9a61b62869f6104881e5f9ef85",
                "sha256:a75b014d3294fce26852a9d04ea27b5671d86736beb34acdfc05859246260707",
                "sha256:ad7269254de06743fb4768f658753de47d8b54e4672c5ebe8612a007a088bd48",
                "sha256:b30280fbc1fd8082ac822994a98632111810311a9ece71a0e48f739df3c555a2",
                "sha256:b79104878003487e2b4639a20b9092b02e1bad07fc4cf924b495cf413748a777",
                "sha256:d449d40e830366b4c612692ad19fbebb722b6b847f78a7b701b1e0d6cda3cc13",
                "sha256:d647757373985207af3343301d89fe738d5a294435a4f2aafb04c13b4388c896",
                "sha256:f68eb46b86b2c246af99fcaa6f6e37c7a7a413e1084a794990b877f2ff71f7b6",
                "sha256:fdf606341cd798530b05705c87779606fcdfaf768a8129c348ea94441da15b04"
            ],
            "index": "pypi",
            "version": "==1.6.3"
        },
        "six": {
            "hashes": [
                "sha256:1e61c37477a1626458e36f7b1d82aa5c9b094fa4802892072e49de9c60c4c926",
                "sha256:8abb2f1d86890a2dfb989f9a77cfcfd3e47c2a354b01111771326f8aa26e0254"
            ],
            "markers": "python_version >= '2.7' and python_version not in '3.0, 3.1, 3.2'",
            "version": "==1.16.0"
        },
        "tokenizers": {
            "hashes": [
                "sha256:03056431783e72df80de68648573f97a70701d17fa22336c6d761b5d4b7be9ff",
                "sha256:05c90ade1b9cc41aaee6056c5e460dc5150f12b602bdc6bfa3758fb965ca7788",
                "sha256:15d9b959fd3b9e9e7c6d6d7d909bca5d7397a170a50d99ac8ce4e2ab590b137a",
                "sha256:1a22bf899728eeb74ee2bb1ba9eff61898ec02e623a690ed28002762d19ab9b4",
                "sha256:1ab8c467e4fe16bba33022feefcd6322642a58e4c8c123fd692c20e17f339964",
                "sha256:2094eb8e3608858eb4bd29c32c39969ae63ad9749d8aca9b34e82cba852acaf1",
                "sha256:2b592146caff20c283dadf2da99520b1dfde4af8ce964a8adcb4e990923fa423",
                "sha256:39e24555d5a2d9df87fd75303e1fd9ba3f995ac8aeb543c511d601d26a54726a",
                "sha256:3fb22df976701452db3ba652bd647518a043e58d4209d18273163fbc53252a3b",
                "sha256:419bb33bb3690239b93b76b06eba1eb822aa72f4e63293d2f15c60505f6ee0d0",
                "sha256:474883e8e0be431394e0ccfb70e97c1856e8c5bc80536f7b2faa3b0785d59afd",
                "sha256:4865d34d4897eed4ca4a758971fb14911cf5022e270b53c028fa9312fe440e2b",
                "sha256:52c2479975fd5025d399493403c7aedce853da20cec04a32a829c1c12c28e2f1",
                "sha256:6229fcc8473fd225e8e09742c354dacacd57dbdc73075e4c9d71f925cd171090",
                "sha256:77c4c41f2147c930c66014ca43b6935133781ae1923d62e70c797e71b0ee2598",
                "sha256:79119578bcd1d8ec836ddd3dbb305f32084d60e9f67e93a10ca33c67eeaa89fc",
                "sha256:7ba26369bc30f9d28d9ff42dcb1b57d9995157a9bb2975b95acda4220195d7aa",
                "sha256:86077426c615a814f7456569eade33c12c93131d02fdf548994dcedf41bdbbf1",
                "sha256:8a575022e066878bede82bb5d5244b17c6ebda15dbb50229d86f9e8267ddd40e",
                "sha256:8b4ae84fb410b5f5abb3a604b3274e2d6994b21f07c379b1c1659561e026bad8",
                "sha256:9124a1f77e176cb2a2571bae4c3bf8d4c40975c1681e2ba346fdca5d6a3aa843",
                "sha256:953a4e483524fd37fd66208e21dce85d4829bfe294d8b6224d2f00f61aa9950c",
                "sha256:9619846026b16967465e5221206f86bdc58cf65b0f92548d048e97925361121e",
                "sha256:9e8f32a2ef1902f769da6215ae8beabd632676a1551fb171b5aa6d4c11fd3a02",
                "sha256:a323d93fd5e57060428fecb6d73ab13223822f8ffa1ede282070b47a4bda2cea",
                "sha256:a3de6ecfbd739ee3d59280c0c930c0c5a716df1cf0cdf68beb379066931866bd",
                "sha256:aadcf38b97114d035e389f5aee4edf59e81666ad65de26c06592d76f184bb66c",
                "sha256:bac17cceebb2a6947d380e1b7bce8fc33098a979071a1291adc456fb25434924",
                "sha256:bb58ad982f8f72052362a5384145e87559899dcc0b06264e71dd137869037e6e",
                "sha256:be25827c0506d92927dc0ef4d2ce0c4653a351735546f8b22548535c3d2f7a6c",
                "sha256:bed7c5c2c786a2e9b3265006f15a13d8e04dcdfcf9ba13add0d7194a50346393",
                "sha256:c0f5bbc2e614468bcb605f2aa4a6dbcdf21629c6ff6ae81f1d9fa9683934ce8e",
                "sha256:c429c25c3dfe1ea9ad6e21a49d648910335ef4188c5e8226e5aa2ba2bd13921c",
                "sha256:cd408266f13856dc648ed2dcc889ac17feffc28da2ebb03f1977b88935e86c9a",
                "sha256:cf7f1aad957fed36e4a90fc094e3adc03fdd45fbb058c1cde25721e3e66235f8",
                "sha256:e3e74a9fa40b92a9817fe05ea91bf20075f45ad8cf7c0d3eb738170a27059508",
                "sha256:ea54eb0071f13fa7c6c3b88997a843d01c067158b994115759c27827e683fb82",
                "sha256:f1553e029f326eb74f36d67a38ef77a7f03068a494a0faa4e16d0d832f25b760",
                "sha256:f7b62497dce161babdb9197fa4b26e401bac9541b62fe0d0957134fefeb1b01c",
                "sha256:f9fe9c5556ccab03c9d42ed299bd8901c95d22373676437bfeb4656c2b5e42bc",
                "sha256:fb1dae213c8531d6af071dd021c7225be73803a0cbe609aed5074be04118aa6c"
            ],
            "version": "==0.10.2"
        },
        "tqdm": {
            "hashes": [
                "sha256:daec693491c52e9498632dfbe9ccfc4882a557f5fa08982db1b4d3adbe0887c3",
                "sha256:ebdebdb95e3477ceea267decfc0784859aa3df3e27e22d23b83e9b272bf157ae"
            ],
            "markers": "python_version >= '2.7' and python_version not in '3.0, 3.1, 3.2, 3.3'",
            "version": "==4.60.0"
        },
        "transformers": {
            "hashes": [
                "sha256:21449ccaca38302a59792c84bc698972290c7e334bbe47a971f84591a3002a32",
                "sha256:826e41f7831d967d49ec04702bcca12d756ba55c6f063dd32dbce0b7078a2f8b"
            ],
            "index": "pypi",
            "version": "==4.6.0"
        },
        "urllib3": {
            "hashes": [
                "sha256:2f4da4594db7e1e110a944bb1b551fdf4e6c136ad42e4234131391e21eb5b0df",
                "sha256:e7b021f7241115872f92f43c6508082facffbd1c048e3c6e2bb9c2a157e28937"
            ],
            "markers": "python_version >= '2.7' and python_version not in '3.0, 3.1, 3.2, 3.3, 3.4' and python_version < '4'",
            "version": "==1.26.4"
        }
    },
    "develop": {}
}
